{
  "name": "find-the-hat",
  "version": "1.0.0",
  "lockfileVersion": 2,
  "requires": true,
  "packages": {
    "": {
      "name": "find-the-hat",
      "version": "1.0.0",
      "license": "ISC",
      "dependencies": {
        "readkey": "^1.0.0"
      }
    },
    "node_modules/readkey": {
      "version": "1.0.0",
      "resolved": "https://registry.npmjs.org/readkey/-/readkey-1.0.0.tgz",
      "integrity": "sha512-qoM211QU+ocLXutf5Tq67A+c5VdP/ou0Jp6kKMWPVwBPXOBtBZxEhLKZDSGxJSTjTnVtXVxxlGInm221Wk2/EQ=="
    }
  },
  "dependencies": {
    "readkey": {
      "version": "1.0.0",
      "resolved": "https://registry.npmjs.org/readkey/-/readkey-1.0.0.tgz",
      "integrity": "sha512-qoM211QU+ocLXutf5Tq67A+c5VdP/ou0Jp6kKMWPVwBPXOBtBZxEhLKZDSGxJSTjTnVtXVxxlGInm221Wk2/EQ=="
    }
  }
}
